// !$*UTF8*$!
{
	archiveVersion = 1;
	classes = {
	};
	objectVersion = 50;
	objects = {

/* Begin PBXBuildFile section */
		5E0E07332788E8870076FE49 /* StoreKit.framework in Frameworks */ = {isa = PBXBuildFile; fileRef = 5E0E07322788E8870076FE49 /* StoreKit.framework */; };
		5EF211902783CFBB0006ED6A /* AppDelegate.swift in Sources */ = {isa = PBXBuildFile; fileRef = 5EF2118F2783CFBB0006ED6A /* AppDelegate.swift */; };
		5EF211922783CFBB0006ED6A /* ViewController.swift in Sources */ = {isa = PBXBuildFile; fileRef = 5EF211912783CFBB0006ED6A /* ViewController.swift */; };
		5EF211972783CFBC0006ED6A /* Assets.xcassets in Resources */ = {isa = PBXBuildFile; fileRef = 5EF211962783CFBC0006ED6A /* Assets.xcassets */; };
		5EF2119A2783CFBC0006ED6A /* LaunchScreen.storyboard in Resources */ = {isa = PBXBuildFile; fileRef = 5EF211982783CFBC0006ED6A /* LaunchScreen.storyboard */; };
		5EF211A52783CFBD0006ED6A /* ThoughtsTests.swift in Sources */ = {isa = PBXBuildFile; fileRef = 5EF211A42783CFBD0006ED6A /* ThoughtsTests.swift */; };
		5EF211B02783CFBD0006ED6A /* ThoughtsUITests.swift in Sources */ = {isa = PBXBuildFile; fileRef = 5EF211AF2783CFBD0006ED6A /* ThoughtsUITests.swift */; };
/* End PBXBuildFile section */

/* Begin PBXContainerItemProxy section */
		5EF211A12783CFBD0006ED6A /* PBXContainerItemProxy */ = {
			isa = PBXContainerItemProxy;
			containerPortal = 5EF211842783CFBB0006ED6A /* Project object */;
			proxyType = 1;
			remoteGlobalIDString = 5EF2118B2783CFBB0006ED6A;
			remoteInfo = Thoughts;
		};
		5EF211AC2783CFBD0006ED6A /* PBXContainerItemProxy */ = {
			isa = PBXContainerItemProxy;
			containerPortal = 5EF211842783CFBB0006ED6A /* Project object */;
			proxyType = 1;
			remoteGlobalIDString = 5EF2118B2783CFBB0006ED6A;
			remoteInfo = Thoughts;
		};
/* End PBXContainerItemProxy section */

/* Begin PBXFileReference section */
		5E0E07322788E8870076FE49 /* StoreKit.framework */ = {isa = PBXFileReference; lastKnownFileType = wrapper.framework; name = StoreKit.framework; path = System/Library/Frameworks/StoreKit.framework; sourceTree = SDKROOT; };
		5EF2118C2783CFBB0006ED6A /* Thoughts.app */ = {isa = PBXFileReference; explicitFileType = wrapper.application; includeInIndex = 0; path = Thoughts.app; sourceTree = BUILT_PRODUCTS_DIR; };
		5EF2118F2783CFBB0006ED6A /* AppDelegate.swift */ = {isa = PBXFileReference; lastKnownFileType = sourcecode.swift; path = AppDelegate.swift; sourceTree = "<group>"; };
		5EF211912783CFBB0006ED6A /* ViewController.swift */ = {isa = PBXFileReference; lastKnownFileType = sourcecode.swift; path = ViewController.swift; sourceTree = "<group>"; };
		5EF211962783CFBC0006ED6A /* Assets.xcassets */ = {isa = PBXFileReference; lastKnownFileType = folder.assetcatalog; path = Assets.xcassets; sourceTree = "<group>"; };
		5EF211992783CFBC0006ED6A /* Base */ = {isa = PBXFileReference; lastKnownFileType = file.storyboard; name = Base; path = Base.lproj/LaunchScreen.storyboard; sourceTree = "<group>"; };
		5EF2119B2783CFBC0006ED6A /* Info.plist */ = {isa = PBXFileReference; lastKnownFileType = text.plist.xml; path = Info.plist; sourceTree = "<group>"; };
		5EF211A02783CFBD0006ED6A /* ThoughtsTests.xctest */ = {isa = PBXFileReference; explicitFileType = wrapper.cfbundle; includeInIndex = 0; path = ThoughtsTests.xctest; sourceTree = BUILT_PRODUCTS_DIR; };
		5EF211A42783CFBD0006ED6A /* ThoughtsTests.swift */ = {isa = PBXFileReference; lastKnownFileType = sourcecode.swift; path = ThoughtsTests.swift; sourceTree = "<group>"; };
		5EF211A62783CFBD0006ED6A /* Info.plist */ = {isa = PBXFileReference; lastKnownFileType = text.plist.xml; path = Info.plist; sourceTree = "<group>"; };
		5EF211AB2783CFBD0006ED6A /* ThoughtsUITests.xctest */ = {isa = PBXFileReference; explicitFileType = wrapper.cfbundle; includeInIndex = 0; path = ThoughtsUITests.xctest; sourceTree = BUILT_PRODUCTS_DIR; };
		5EF211AF2783CFBD0006ED6A /* ThoughtsUITests.swift */ = {isa = PBXFileReference; lastKnownFileType = sourcecode.swift; path = ThoughtsUITests.swift; sourceTree = "<group>"; };
		5EF211B12783CFBD0006ED6A /* Info.plist */ = {isa = PBXFileReference; lastKnownFileType = text.plist.xml; path = Info.plist; sourceTree = "<group>"; };
/* End PBXFileReference section */

/* Begin PBXFrameworksBuildPhase section */
		5EF211892783CFBB0006ED6A /* Frameworks */ = {
			isa = PBXFrameworksBuildPhase;
			buildActionMask = 2147483647;
			files = (
				5E0E07332788E8870076FE49 /* StoreKit.framework in Frameworks */,
			);
			runOnlyForDeploymentPostprocessing = 0;
		};
		5EF2119D2783CFBD0006ED6A /* Frameworks */ = {
			isa = PBXFrameworksBuildPhase;
			buildActionMask = 2147483647;
			files = (
			);
			runOnlyForDeploymentPostprocessing = 0;
		};
		5EF211A82783CFBD0006ED6A /* Frameworks */ = {
			isa = PBXFrameworksBuildPhase;
			buildActionMask = 2147483647;
			files = (
			);
			runOnlyForDeploymentPostprocessing = 0;
		};
/* End PBXFrameworksBuildPhase section */

/* Begin PBXGroup section */
		5E0E07312788E8870076FE49 /* Frameworks */ = {
			isa = PBXGroup;
			children = (
				5E0E07322788E8870076FE49 /* StoreKit.framework */,
			);
			name = Frameworks;
			sourceTree = "<group>";
		};
		5EF211832783CFBB0006ED6A = {
			isa = PBXGroup;
			children = (
				5EF2118E2783CFBB0006ED6A /* Thoughts */,
				5EF211A32783CFBD0006ED6A /* ThoughtsTests */,
				5EF211AE2783CFBD0006ED6A /* ThoughtsUITests */,
				5EF2118D2783CFBB0006ED6A /* Products */,
				5E0E07312788E8870076FE49 /* Frameworks */,
			);
			sourceTree = "<group>";
		};
		5EF2118D2783CFBB0006ED6A /* Products */ = {
			isa = PBXGroup;
			children = (
				5EF2118C2783CFBB0006ED6A /* Thoughts.app */,
				5EF211A02783CFBD0006ED6A /* ThoughtsTests.xctest */,
				5EF211AB2783CFBD0006ED6A /* ThoughtsUITests.xctest */,
			);
			name = Products;
			sourceTree = "<group>";
		};
		5EF2118E2783CFBB0006ED6A /* Thoughts */ = {
			isa = PBXGroup;
			children = (
				5EF2118F2783CFBB0006ED6A /* AppDelegate.swift */,
				5EF211912783CFBB0006ED6A /* ViewController.swift */,
				5EF211962783CFBC0006ED6A /* Assets.xcassets */,
				5EF211982783CFBC0006ED6A /* LaunchScreen.storyboard */,
				5EF2119B2783CFBC0006ED6A /* Info.plist */,
			);
			path = Thoughts;
			sourceTree = "<group>";
		};
		5EF211A32783CFBD0006ED6A /* ThoughtsTests */ = {
			isa = PBXGroup;
			children = (
				5EF211A42783CFBD0006ED6A /* ThoughtsTests.swift */,
				5EF211A62783CFBD0006ED6A /* Info.plist */,
			);
			path = ThoughtsTests;
			sourceTree = "<group>";
		};
		5EF211AE2783CFBD0006ED6A /* ThoughtsUITests */ = {
			isa = PBXGroup;
			children = (
				5EF211AF2783CFBD0006ED6A /* ThoughtsUITests.swift */,
				5EF211B12783CFBD0006ED6A /* Info.plist */,
			);
			path = ThoughtsUITests;
			sourceTree = "<group>";
		};
/* End PBXGroup section */

/* Begin PBXNativeTarget section */
		5EF2118B2783CFBB0006ED6A /* Thoughts */ = {
			isa = PBXNativeTarget;
			buildConfigurationList = 5EF211B42783CFBD0006ED6A /* Build configuration list for PBXNativeTarget "Thoughts" */;
			buildPhases = (
				5EF211882783CFBB0006ED6A /* Sources */,
				5EF211892783CFBB0006ED6A /* Frameworks */,
				5EF2118A2783CFBB0006ED6A /* Resources */,
			);
			buildRules = (
			);
			dependencies = (
			);
			name = Thoughts;
			productName = Thoughts;
			productReference = 5EF2118C2783CFBB0006ED6A /* Thoughts.app */;
			productType = "com.apple.product-type.application";
		};
		5EF2119F2783CFBD0006ED6A /* ThoughtsTests */ = {
			isa = PBXNativeTarget;
			buildConfigurationList = 5EF211B72783CFBD0006ED6A /* Build configuration list for PBXNativeTarget "ThoughtsTests" */;
			buildPhases = (
				5EF2119C2783CFBD0006ED6A /* Sources */,
				5EF2119D2783CFBD0006ED6A /* Frameworks */,
				5EF2119E2783CFBD0006ED6A /* Resources */,
			);
			buildRules = (
			);
			dependencies = (
				5EF211A22783CFBD0006ED6A /* PBXTargetDependency */,
			);
			name = ThoughtsTests;
			productName = ThoughtsTests;
			productReference = 5EF211A02783CFBD0006ED6A /* ThoughtsTests.xctest */;
			productType = "com.apple.product-type.bundle.unit-test";
		};
		5EF211AA2783CFBD0006ED6A /* ThoughtsUITests */ = {
			isa = PBXNativeTarget;
			buildConfigurationList = 5EF211BA2783CFBD0006ED6A /* Build configuration list for PBXNativeTarget "ThoughtsUITests" */;
			buildPhases = (
				5EF211A72783CFBD0006ED6A /* Sources */,
				5EF211A82783CFBD0006ED6A /* Frameworks */,
				5EF211A92783CFBD0006ED6A /* Resources */,
			);
			buildRules = (
			);
			dependencies = (
				5EF211AD2783CFBD0006ED6A /* PBXTargetDependency */,
			);
			name = ThoughtsUITests;
			productName = ThoughtsUITests;
			productReference = 5EF211AB2783CFBD0006ED6A /* ThoughtsUITests.xctest */;
			productType = "com.apple.product-type.bundle.ui-testing";
		};
/* End PBXNativeTarget section */

/* Begin PBXProject section */
		5EF211842783CFBB0006ED6A /* Project object */ = {
			isa = PBXProject;
			attributes = {
				LastSwiftUpdateCheck = 1010;
				LastUpgradeCheck = 1010;
				TargetAttributes = {
					5EF2118B2783CFBB0006ED6A = {
						CreatedOnToolsVersion = 10.1;
						SystemCapabilities = {
							com.apple.InAppPurchase = {
								enabled = 1;
							};
						};
					};
					5EF2119F2783CFBD0006ED6A = {
						CreatedOnToolsVersion = 10.1;
						TestTargetID = 5EF2118B2783CFBB0006ED6A;
					};
					5EF211AA2783CFBD0006ED6A = {
						CreatedOnToolsVersion = 10.1;
						TestTargetID = 5EF2118B2783CFBB0006ED6A;
					};
				};
			};
			buildConfigurationList = 5EF211872783CFBB0006ED6A /* Build configuration list for PBXProject "Thoughts" */;
			compatibilityVersion = "Xcode 9.3";
			developmentRegion = en;
			hasScannedForEncodings = 0;
			knownRegions = (
				en,
				Base,
			);
			mainGroup = 5EF211832783CFBB0006ED6A;
			productRefGroup = 5EF2118D2783CFBB0006ED6A /* Products */;
			projectDirPath = "";
			projectRoot = "";
			targets = (
				5EF2118B2783CFBB0006ED6A /* Thoughts */,
				5EF2119F2783CFBD0006ED6A /* ThoughtsTests */,
				5EF211AA2783CFBD0006ED6A /* ThoughtsUITests */,
			);
		};
/* End PBXProject section */

/* Begin PBXResourcesBuildPhase section */
		5EF2118A2783CFBB0006ED6A /* Resources */ = {
			isa = PBXResourcesBuildPhase;
			buildActionMask = 2147483647;
			files = (
				5EF2119A2783CFBC0006ED6A /* LaunchScreen.storyboard in Resources */,
				5EF211972783CFBC0006ED6A /* Assets.xcassets in Resources */,
			);
			runOnlyForDeploymentPostprocessing = 0;
		};
		5EF2119E2783CFBD0006ED6A /* Resources */ = {
			isa = PBXResourcesBuildPhase;
			buildActionMask = 2147483647;
			files = (
			);
			runOnlyForDeploymentPostprocessing = 0;
		};
		5EF211A92783CFBD0006ED6A /* Resources */ = {
			isa = PBXResourcesBuildPhase;
			buildActionMask = 2147483647;
			files = (
			);
			runOnlyForDeploymentPostprocessing = 0;
		};
/* End PBXResourcesBuildPhase section */

/* Begin PBXSourcesBuildPhase section */
		5EF211882783CFBB0006ED6A /* Sources */ = {
			isa = PBXSourcesBuildPhase;
			buildActionMask = 2147483647;
			files = (
				5EF211922783CFBB0006ED6A /* ViewController.swift in Sources */,
				5EF211902783CFBB0006ED6A /* AppDelegate.swift in Sources */,
			);
			runOnlyForDeploymentPostprocessing = 0;
		};
		5EF2119C2783CFBD0006ED6A /* Sources */ = {
			isa = PBXSourcesBuildPhase;
			buildActionMask = 2147483647;
			files = (
				5EF211A52783CFBD0006ED6A /* ThoughtsTests.swift in Sources */,
			);
			runOnlyForDeploymentPostprocessing = 0;
		};
		5EF211A72783CFBD0006ED6A /* Sources */ = {
			isa = PBXSourcesBuildPhase;
			buildActionMask = 2147483647;
			files = (
				5EF211B02783CFBD0006ED6A /* ThoughtsUITests.swift in Sources */,
			);
			runOnlyForDeploymentPostprocessing = 0;
		};
/* End PBXSourcesBuildPhase section */

/* Begin PBXTargetDependency section */
		5EF211A22783CFBD0006ED6A /* PBXTargetDependency */ = {
			isa = PBXTargetDependency;
			target = 5EF2118B2783CFBB0006ED6A /* Thoughts */;
			targetProxy = 5EF211A12783CFBD0006ED6A /* PBXContainerItemProxy */;
		};
		5EF211AD2783CFBD0006ED6A /* PBXTargetDependency */ = {
			isa = PBXTargetDependency;
			target = 5EF2118B2783CFBB0006ED6A /* Thoughts */;
			targetProxy = 5EF211AC2783CFBD0006ED6A /* PBXContainerItemProxy */;
		};
/* End PBXTargetDependency section */

/* Begin PBXVariantGroup section */
		5EF211982783CFBC0006ED6A /* LaunchScreen.storyboard */ = {
			isa = PBXVariantGroup;
			children = (
				5EF211992783CFBC0006ED6A /* Base */,
			);
			name = LaunchScreen.storyboard;
			sourceTree = "<group>";
		};
/* End PBXVariantGroup section */

/* Begin XCBuildConfiguration section */
		5EF211B22783CFBD0006ED6A /* Debug */ = {
			isa = XCBuildConfiguration;
			buildSettings = {
				ALWAYS_SEARCH_USER_PATHS = NO;
				CLANG_ANALYZER_NONNULL = YES;
				CLANG_ANALYZER_NUMBER_OBJECT_CONVERSION = YES_AGGRESSIVE;
				CLANG_CXX_LANGUAGE_STANDARD = "gnu++14";
				CLANG_CXX_LIBRARY = "libc++";
				CLANG_ENABLE_MODULES = YES;
				CLANG_ENABLE_OBJC_ARC = YES;
				CLANG_ENABLE_OBJC_WEAK = YES;
				CLANG_WARN_BLOCK_CAPTURE_AUTORELEASING = YES;
				CLANG_WARN_BOOL_CONVERSION = YES;
				CLANG_WARN_COMMA = YES;
				CLANG_WARN_CONSTANT_CONVERSION = YES;
				CLANG_WARN_DEPRECATED_OBJC_IMPLEMENTATIONS = YES;
				CLANG_WARN_DIRECT_OBJC_ISA_USAGE = YES_ERROR;
				CLANG_WARN_DOCUMENTATION_COMMENTS = YES;
				CLANG_WARN_EMPTY_BODY = YES;
				CLANG_WARN_ENUM_CONVERSION = YES;
				CLANG_WARN_INFINITE_RECURSION = YES;
				CLANG_WARN_INT_CONVERSION = YES;
				CLANG_WARN_NON_LITERAL_NULL_CONVERSION = YES;
				CLANG_WARN_OBJC_IMPLICIT_RETAIN_SELF = YES;
				CLANG_WARN_OBJC_LITERAL_CONVERSION = YES;
				CLANG_WARN_OBJC_ROOT_CLASS = YES_ERROR;
				CLANG_WARN_RANGE_LOOP_ANALYSIS = YES;
				CLANG_WARN_STRICT_PROTOTYPES = YES;
				CLANG_WARN_SUSPICIOUS_MOVE = YES;
				CLANG_WARN_UNGUARDED_AVAILABILITY = YES_AGGRESSIVE;
				CLANG_WARN_UNREACHABLE_CODE = YES;
				CLANG_WARN__DUPLICATE_METHOD_MATCH = YES;
				CODE_SIGN_IDENTITY = "iPhone Developer";
				COPY_PHASE_STRIP = NO;
				DEBUG_INFORMATION_FORMAT = dwarf;
				ENABLE_STRICT_OBJC_MSGSEND = YES;
				ENABLE_TESTABILITY = YES;
				GCC_C_LANGUAGE_STANDARD = gnu11;
				GCC_DYNAMIC_NO_PIC = NO;
				GCC_NO_COMMON_BLOCKS = YES;
				GCC_OPTIMIZATION_LEVEL = 0;
				GCC_PREPROCESSOR_DEFINITIONS = (
					"DEBUG=1",
					"$(inherited)",
				);
				GCC_WARN_64_TO_32_BIT_CONVERSION = YES;
				GCC_WARN_ABOUT_RETURN_TYPE = YES_ERROR;
				GCC_WARN_UNDECLARED_SELECTOR = YES;
				GCC_WARN_UNINITIALIZED_AUTOS = YES_AGGRESSIVE;
				GCC_WARN_UNUSED_FUNCTION = YES;
				GCC_WARN_UNUSED_VARIABLE = YES;
				IPHONEOS_DEPLOYMENT_TARGET = 12.1;
				MTL_ENABLE_DEBUG_INFO = INCLUDE_SOURCE;
				MTL_FAST_MATH = YES;
				ONLY_ACTIVE_ARCH = YES;
				SDKROOT = iphoneos;
				SWIFT_ACTIVE_COMPILATION_CONDITIONS = DEBUG;
				SWIFT_OPTIMIZATION_LEVEL = "-Onone";
			};
			name = Debug;
		};
		5EF211B32783CFBD0006ED6A /* Release */ = {
			isa = XCBuildConfiguration;
			buildSettings = {
				ALWAYS_SEARCH_USER_PATHS = NO;
				CLANG_ANALYZER_NONNULL = YES;
				CLANG_ANALYZER_NUMBER_OBJECT_CONVERSION = YES_AGGRESSIVE;
				CLANG_CXX_LANGUAGE_STANDARD = "gnu++14";
				CLANG_CXX_LIBRARY = "libc++";
				CLANG_ENABLE_MODULES = YES;
				CLANG_ENABLE_OBJC_ARC = YES;
				CLANG_ENABLE_OBJC_WEAK = YES;
				CLANG_WARN_BLOCK_CAPTURE_AUTORELEASING = YES;
				CLANG_WARN_BOOL_CONVERSION = YES;
				CLANG_WARN_COMMA = YES;
				CLANG_WARN_CONSTANT_CONVERSION = YES;
				CLANG_WARN_DEPRECATED_OBJC_IMPLEMENTATIONS = YES;
				CLANG_WARN_DIRECT_OBJC_ISA_USAGE = YES_ERROR;
				CLANG_WARN_DOCUMENTATION_COMMENTS = YES;
				CLANG_WARN_EMPTY_BODY = YES;
				CLANG_WARN_ENUM_CONVERSION = YES;
				CLANG_WARN_INFINITE_RECURSION = YES;
				CLANG_WARN_INT_CONVERSION = YES;
				CLANG_WARN_NON_LITERAL_NULL_CONVERSION = YES;
				CLANG_WARN_OBJC_IMPLICIT_RETAIN_SELF = YES;
				CLANG_WARN_OBJC_LITERAL_CONVERSION = YES;
				CLANG_WARN_OBJC_ROOT_CLASS = YES_ERROR;
				CLANG_WARN_RANGE_LOOP_ANALYSIS = YES;
				CLANG_WARN_STRICT_PROTOTYPES = YES;
				CLANG_WARN_SUSPICIOUS_MOVE = YES;
				CLANG_WARN_UNGUARDED_AVAILABILITY = YES_AGGRESSIVE;
				CLANG_WARN_UNREACHABLE_CODE = YES;
				CLANG_WARN__DUPLICATE_METHOD_MATCH = YES;
				CODE_SIGN_IDENTITY = "iPhone Developer";
				COPY_PHASE_STRIP = NO;
				DEBUG_INFORMATION_FORMAT = "dwarf-with-dsym";
				ENABLE_NS_ASSERTIONS = NO;
				ENABLE_STRICT_OBJC_MSGSEND = YES;
				GCC_C_LANGUAGE_STANDARD = gnu11;
				GCC_NO_COMMON_BLOCKS = YES;
				GCC_WARN_64_TO_32_BIT_CONVERSION = YES;
				GCC_WARN_ABOUT_RETURN_TYPE = YES_ERROR;
				GCC_WARN_UNDECLARED_SELECTOR = YES;
				GCC_WARN_UNINITIALIZED_AUTOS = YES_AGGRESSIVE;
				GCC_WARN_UNUSED_FUNCTION = YES;
				GCC_WARN_UNUSED_VARIABLE = YES;
				IPHONEOS_DEPLOYMENT_TARGET = 12.1;
				MTL_ENABLE_DEBUG_INFO = NO;
				MTL_FAST_MATH = YES;
				SDKROOT = iphoneos;
				SWIFT_COMPILATION_MODE = wholemodule;
				SWIFT_OPTIMIZATION_LEVEL = "-O";
				VALIDATE_PRODUCT = YES;
			};
			name = Release;
		};
		5EF211B52783CFBD0006ED6A /* Debug */ = {
			isa = XCBuildConfiguration;
			buildSettings = {
				ASSETCATALOG_COMPILER_APPICON_NAME = AppIcon;
				CODE_SIGN_STYLE = Automatic;
				DEVELOPMENT_TEAM = 47RU8J256K;
				INFOPLIST_FILE = Thoughts/Info.plist;
				LD_RUNPATH_SEARCH_PATHS = (
					"$(inherited)",
					"@executable_path/Frameworks",
				);
				PRODUCT_BUNDLE_IDENTIFIER = com.savala.Thoughts;
				PRODUCT_NAME = "$(TARGET_NAME)";
				SWIFT_VERSION = 4.2;
				TARGETED_DEVICE_FAMILY = "1,2";
			};
			name = Debug;
		};
		5EF211B62783CFBD0006ED6A /* Release */ = {
			isa = XCBuildConfiguration;
			buildSettings = {
				ASSETCATALOG_COMPILER_APPICON_NAME = AppIcon;
				CODE_SIGN_STYLE = Automatic;
				DEVELOPMENT_TEAM = 47RU8J256K;
				INFOPLIST_FILE = Thoughts/Info.plist;
				LD_RUNPATH_SEARCH_PATHS = (
					"$(inherited)",
					"@executable_path/Frameworks",
				);
				PRODUCT_BUNDLE_IDENTIFIER = com.savala.Thoughts;
				PRODUCT_NAME = "$(TARGET_NAME)";
				SWIFT_VERSION = 4.2;
				TARGETED_DEVICE_FAMILY = "1,2";
			};
			name = Release;
		};
		5EF211B82783CFBD0006ED6A /* Debug */ = {
			isa = XCBuildConfiguration;
			buildSettings = {
				ALWAYS_EMBED_SWIFT_STANDARD_LIBRARIES = YES;
				BUNDLE_LOADER = "$(TEST_HOST)";
				CODE_SIGN_STYLE = Automatic;
				INFOPLIST_FILE = ThoughtsTests/Info.plist;
				LD_RUNPATH_SEARCH_PATHS = (
					"$(inherited)",
					"@executable_path/Frameworks",
					"@loader_path/Frameworks",
				);
				PRODUCT_BUNDLE_IDENTIFIER = com.savala.ThoughtsTests;
				PRODUCT_NAME = "$(TARGET_NAME)";
				SWIFT_VERSION = 4.2;
				TARGETED_DEVICE_FAMILY = "1,2";
				TEST_HOST = "$(BUILT_PRODUCTS_DIR)/Thoughts.app/Thoughts";
			};
			name = Debug;
		};
		5EF211B92783CFBD0006ED6A /* Release */ = {
			isa = XCBuildConfiguration;
			buildSettings = {
				ALWAYS_EMBED_SWIFT_STANDARD_LIBRARIES = YES;
				BUNDLE_LOADER = "$(TEST_HOST)";
				CODE_SIGN_STYLE = Automatic;
				INFOPLIST_FILE = ThoughtsTests/Info.plist;
				LD_RUNPATH_SEARCH_PATHS = (
					"$(inherited)",
					"@executable_path/Frameworks",
					"@loader_path/Frameworks",
				);
				PRODUCT_BUNDLE_IDENTIFIER = com.savala.ThoughtsTests;
				PRODUCT_NAME = "$(TARGET_NAME)";
				SWIFT_VERSION = 4.2;
				TARGETED_DEVICE_FAMILY = "1,2";
				TEST_HOST = "$(BUILT_PRODUCTS_DIR)/Thoughts.app/Thoughts";
			};
			name = Release;
		};
		5EF211BB2783CFBD0006ED6A /* Debug */ = {
			isa = XCBuildConfiguration;
			buildSettings = {
				ALWAYS_EMBED_SWIFT_STANDARD_LIBRARIES = YES;
				CODE_SIGN_STYLE = Automatic;
				INFOPLIST_FILE = ThoughtsUITests/Info.plist;
				LD_RUNPATH_SEARCH_PATHS = (
					"$(inherited)",
					"@executable_path/Frameworks",
					"@loader_path/Frameworks",
				);
				PRODUCT_BUNDLE_IDENTIFIER = com.savala.ThoughtsUITests;
				PRODUCT_NAME = "$(TARGET_NAME)";
				SWIFT_VERSION = 4.2;
				TARGETED_DEVICE_FAMILY = "1,2";
				TEST_TARGET_NAME = Thoughts;
			};
			name = Debug;
		};
		5EF211BC2783CFBD0006ED6A /* Release */ = {
			isa = XCBuildConfiguration;
			buildSettings = {
				ALWAYS_EMBED_SWIFT_STANDARD_LIBRARIES = YES;
				CODE_SIGN_STYLE = Automatic;
				INFOPLIST_FILE = ThoughtsUITests/Info.plist;
				LD_RUNPATH_SEARCH_PATHS = (
					"$(inherited)",
					"@executable_path/Frameworks",
					"@loader_path/Frameworks",
				);
				PRODUCT_BUNDLE_IDENTIFIER = com.savala.ThoughtsUITests;
				PRODUCT_NAME = "$(TARGET_NAME)";
				SWIFT_VERSION = 4.2;
				TARGETED_DEVICE_FAMILY = "1,2";
				TEST_TARGET_NAME = Thoughts;
			};
			name = Release;
		};
/* End XCBuildConfiguration section */

/* Begin XCConfigurationList section */
		5EF211872783CFBB0006ED6A /* Build configuration list for PBXProject "Thoughts" */ = {
			isa = XCConfigurationList;
			buildConfigurations = (
				5EF211B22783CFBD0006ED6A /* Debug */,
				5EF211B32783CFBD0006ED6A /* Release */,
			);
			defaultConfigurationIsVisible = 0;
			defaultConfigurationName = Release;
		};
		5EF211B42783CFBD0006ED6A /* Build configuration list for PBXNativeTarget "Thoughts" */ = {
			isa = XCConfigurationList;
			buildConfigurations = (
				5EF211B52783CFBD0006ED6A /* Debug */,
				5EF211B62783CFBD0006ED6A /* Release */,
			);
			defaultConfigurationIsVisible = 0;
			defaultConfigurationName = Release;
		};
		5EF211B72783CFBD0006ED6A /* Build configuration list for PBXNativeTarget "ThoughtsTests" */ = {
			isa = XCConfigurationList;
			buildConfigurations = (
				5EF211B82783CFBD0006ED6A /* Debug */,
				5EF211B92783CFBD0006ED6A /* Release */,
			);
			defaultConfigurationIsVisible = 0;
			defaultConfigurationName = Release;
		};
		5EF211BA2783CFBD0006ED6A /* Build configuration list for PBXNativeTarget "ThoughtsUITests" */ = {
			isa = XCConfigurationList;
			buildConfigurations = (
				5EF211BB2783CFBD0006ED6A /* Debug */,
				5EF211BC2783CFBD0006ED6A /* Release */,
			);
			defaultConfigurationIsVisible = 0;
			defaultConfigurationName = Release;
		};
/* End XCConfigurationList section */
	};
	rootObject = 5EF211842783CFBB0006ED6A /* Project object */;
}
